// !$*UTF8*$!
{
	archiveVersion = 1;
	classes = {
	};
	objectVersion = 56;
	objects = {

/* Begin PBXBuildFile section */
		EC5EE9D52A2247300019F07B /* UEsView.swift in Sources */ = {isa = PBXBuildFile; fileRef = EC5EE9D42A2247300019F07B /* UEsView.swift */; };
		EC5EE9D72A2249700019F07B /* UECell.swift in Sources */ = {isa = PBXBuildFile; fileRef = EC5EE9D62A2249700019F07B /* UECell.swift */; };
		EC5EE9D92A2258790019F07B /* MainPage.swift in Sources */ = {isa = PBXBuildFile; fileRef = EC5EE9D82A2258790019F07B /* MainPage.swift */; };
		EC5EE9E12A225A110019F07B /* Assets.xcassets in Resources */ = {isa = PBXBuildFile; fileRef = EC5EE9DF2A225A110019F07B /* Assets.xcassets */; };
		EC5EE9E32A225A9A0019F07B /* Preview Content in Resources */ = {isa = PBXBuildFile; fileRef = EC5EE9E22A225A9A0019F07B /* Preview Content */; };
		EC6593C32A20D1B700BB905B /* UEVM.swift in Sources */ = {isa = PBXBuildFile; fileRef = EC6593C02A20D1B700BB905B /* UEVM.swift */; };
		EC6593C42A20D1B700BB905B /* OdinVM.swift in Sources */ = {isa = PBXBuildFile; fileRef = EC6593C12A20D1B700BB905B /* OdinVM.swift */; };
		EC6593C52A20D1B700BB905B /* MatiereVM.swift in Sources */ = {isa = PBXBuildFile; fileRef = EC6593C22A20D1B700BB905B /* MatiereVM.swift */; };
		EC6593C72A20E24700BB905B /* EditingView.swift in Sources */ = {isa = PBXBuildFile; fileRef = EC6593C62A20E24700BB905B /* EditingView.swift */; };
		ECB6A2E92A222F11004F777F /* HomeView.swift in Sources */ = {isa = PBXBuildFile; fileRef = ECB6A2E82A222F11004F777F /* HomeView.swift */; };
		ECB6A2EB2A222FE8004F777F /* BlocsView.swift in Sources */ = {isa = PBXBuildFile; fileRef = ECB6A2EA2A222FE8004F777F /* BlocsView.swift */; };
		ECB6A2ED2A2230A3004F777F /* BlocCell.swift in Sources */ = {isa = PBXBuildFile; fileRef = ECB6A2EC2A2230A3004F777F /* BlocCell.swift */; };
		ECB6A2EF2A223259004F777F /* BlocVM.swift in Sources */ = {isa = PBXBuildFile; fileRef = ECB6A2EE2A223259004F777F /* BlocVM.swift */; };
		ECE031072A23820900EE8B6D /* UEDetailView.swift in Sources */ = {isa = PBXBuildFile; fileRef = ECE031062A23820900EE8B6D /* UEDetailView.swift */; };
		ECF1B0C62A1FA15C00D59CA9 /* ViewApp.swift in Sources */ = {isa = PBXBuildFile; fileRef = ECF1B0C52A1FA15C00D59CA9 /* ViewApp.swift */; };
		ECF1B0C82A1FA15C00D59CA9 /* UEView.swift in Sources */ = {isa = PBXBuildFile; fileRef = ECF1B0C72A1FA15C00D59CA9 /* UEView.swift */; };
		ECF1B0D72A1FA15D00D59CA9 /* ViewTests.swift in Sources */ = {isa = PBXBuildFile; fileRef = ECF1B0D62A1FA15D00D59CA9 /* ViewTests.swift */; };
		ECF1B0E12A1FA15D00D59CA9 /* ViewUITests.swift in Sources */ = {isa = PBXBuildFile; fileRef = ECF1B0E02A1FA15D00D59CA9 /* ViewUITests.swift */; };
		ECF1B0E32A1FA15D00D59CA9 /* ViewUITestsLaunchTests.swift in Sources */ = {isa = PBXBuildFile; fileRef = ECF1B0E22A1FA15D00D59CA9 /* ViewUITestsLaunchTests.swift */; };
		ECF1B0F42A1FAA8100D59CA9 /* Modele in Frameworks */ = {isa = PBXBuildFile; productRef = ECF1B0F32A1FAA8100D59CA9 /* Modele */; };
		ECF1B0F72A1FAC7100D59CA9 /* DetailView.swift in Sources */ = {isa = PBXBuildFile; fileRef = ECF1B0F62A1FAC7100D59CA9 /* DetailView.swift */; };
		ECF1B0FA2A1FAEFB00D59CA9 /* ColorAssets.xcassets in Resources */ = {isa = PBXBuildFile; fileRef = ECF1B0F92A1FAEFB00D59CA9 /* ColorAssets.xcassets */; };
		ECF1B0FC2A1FB01900D59CA9 /* ColorAssets.swift in Sources */ = {isa = PBXBuildFile; fileRef = ECF1B0FB2A1FB01900D59CA9 /* ColorAssets.swift */; };
		ECF1B0FF2A2011A100D59CA9 /* InfoView.swift in Sources */ = {isa = PBXBuildFile; fileRef = ECF1B0FE2A2011A100D59CA9 /* InfoView.swift */; };
		ECF1B1012A20131700D59CA9 /* MatiereCell.swift in Sources */ = {isa = PBXBuildFile; fileRef = ECF1B1002A20131700D59CA9 /* MatiereCell.swift */; };
/* End PBXBuildFile section */

/* Begin PBXContainerItemProxy section */
		ECF1B0D32A1FA15D00D59CA9 /* PBXContainerItemProxy */ = {
			isa = PBXContainerItemProxy;
			containerPortal = ECF1B0BA2A1FA15C00D59CA9 /* Project object */;
			proxyType = 1;
			remoteGlobalIDString = ECF1B0C12A1FA15C00D59CA9;
			remoteInfo = View;
		};
		ECF1B0DD2A1FA15D00D59CA9 /* PBXContainerItemProxy */ = {
			isa = PBXContainerItemProxy;
			containerPortal = ECF1B0BA2A1FA15C00D59CA9 /* Project object */;
			proxyType = 1;
			remoteGlobalIDString = ECF1B0C12A1FA15C00D59CA9;
			remoteInfo = View;
		};
/* End PBXContainerItemProxy section */

/* Begin PBXFileReference section */
		EC5EE9D42A2247300019F07B /* UEsView.swift */ = {isa = PBXFileReference; lastKnownFileType = sourcecode.swift; path = UEsView.swift; sourceTree = "<group>"; };
		EC5EE9D62A2249700019F07B /* UECell.swift */ = {isa = PBXFileReference; lastKnownFileType = sourcecode.swift; path = UECell.swift; sourceTree = "<group>"; };
		EC5EE9D82A2258790019F07B /* MainPage.swift */ = {isa = PBXFileReference; lastKnownFileType = sourcecode.swift; path = MainPage.swift; sourceTree = "<group>"; };
		EC5EE9DF2A225A110019F07B /* Assets.xcassets */ = {isa = PBXFileReference; lastKnownFileType = folder.assetcatalog; path = Assets.xcassets; sourceTree = "<group>"; };
		EC5EE9E22A225A9A0019F07B /* Preview Content */ = {isa = PBXFileReference; lastKnownFileType = folder; path = "Preview Content"; sourceTree = "<group>"; };
		EC6593C02A20D1B700BB905B /* UEVM.swift */ = {isa = PBXFileReference; fileEncoding = 4; lastKnownFileType = sourcecode.swift; name = UEVM.swift; path = ../../ViewModel/Sources/ViewModel/UEVM.swift; sourceTree = "<group>"; };
		EC6593C12A20D1B700BB905B /* OdinVM.swift */ = {isa = PBXFileReference; fileEncoding = 4; lastKnownFileType = sourcecode.swift; name = OdinVM.swift; path = ../../ViewModel/Sources/ViewModel/OdinVM.swift; sourceTree = "<group>"; };
		EC6593C22A20D1B700BB905B /* MatiereVM.swift */ = {isa = PBXFileReference; fileEncoding = 4; lastKnownFileType = sourcecode.swift; name = MatiereVM.swift; path = ../../ViewModel/Sources/ViewModel/MatiereVM.swift; sourceTree = "<group>"; };
		EC6593C62A20E24700BB905B /* EditingView.swift */ = {isa = PBXFileReference; lastKnownFileType = sourcecode.swift; path = EditingView.swift; sourceTree = "<group>"; };
		ECB6A2E82A222F11004F777F /* HomeView.swift */ = {isa = PBXFileReference; lastKnownFileType = sourcecode.swift; path = HomeView.swift; sourceTree = "<group>"; };
		ECB6A2EA2A222FE8004F777F /* BlocsView.swift */ = {isa = PBXFileReference; lastKnownFileType = sourcecode.swift; path = BlocsView.swift; sourceTree = "<group>"; };
		ECB6A2EC2A2230A3004F777F /* BlocCell.swift */ = {isa = PBXFileReference; lastKnownFileType = sourcecode.swift; path = BlocCell.swift; sourceTree = "<group>"; };
		ECB6A2EE2A223259004F777F /* BlocVM.swift */ = {isa = PBXFileReference; lastKnownFileType = sourcecode.swift; path = BlocVM.swift; sourceTree = "<group>"; };
		ECE031062A23820900EE8B6D /* UEDetailView.swift */ = {isa = PBXFileReference; lastKnownFileType = sourcecode.swift; path = UEDetailView.swift; sourceTree = "<group>"; };
		ECF1B0C22A1FA15C00D59CA9 /* View.app */ = {isa = PBXFileReference; explicitFileType = wrapper.application; includeInIndex = 0; path = View.app; sourceTree = BUILT_PRODUCTS_DIR; };
		ECF1B0C52A1FA15C00D59CA9 /* ViewApp.swift */ = {isa = PBXFileReference; lastKnownFileType = sourcecode.swift; path = ViewApp.swift; sourceTree = "<group>"; };
		ECF1B0C72A1FA15C00D59CA9 /* UEView.swift */ = {isa = PBXFileReference; lastKnownFileType = sourcecode.swift; path = UEView.swift; sourceTree = "<group>"; };
		ECF1B0D22A1FA15D00D59CA9 /* ViewTests.xctest */ = {isa = PBXFileReference; explicitFileType = wrapper.cfbundle; includeInIndex = 0; path = ViewTests.xctest; sourceTree = BUILT_PRODUCTS_DIR; };
		ECF1B0D62A1FA15D00D59CA9 /* ViewTests.swift */ = {isa = PBXFileReference; lastKnownFileType = sourcecode.swift; path = ViewTests.swift; sourceTree = "<group>"; };
		ECF1B0DC2A1FA15D00D59CA9 /* ViewUITests.xctest */ = {isa = PBXFileReference; explicitFileType = wrapper.cfbundle; includeInIndex = 0; path = ViewUITests.xctest; sourceTree = BUILT_PRODUCTS_DIR; };
		ECF1B0E02A1FA15D00D59CA9 /* ViewUITests.swift */ = {isa = PBXFileReference; lastKnownFileType = sourcecode.swift; path = ViewUITests.swift; sourceTree = "<group>"; };
		ECF1B0E22A1FA15D00D59CA9 /* ViewUITestsLaunchTests.swift */ = {isa = PBXFileReference; lastKnownFileType = sourcecode.swift; path = ViewUITestsLaunchTests.swift; sourceTree = "<group>"; };
		ECF1B0F62A1FAC7100D59CA9 /* DetailView.swift */ = {isa = PBXFileReference; lastKnownFileType = sourcecode.swift; path = DetailView.swift; sourceTree = "<group>"; };
		ECF1B0F92A1FAEFB00D59CA9 /* ColorAssets.xcassets */ = {isa = PBXFileReference; lastKnownFileType = folder.assetcatalog; path = ColorAssets.xcassets; sourceTree = "<group>"; };
		ECF1B0FB2A1FB01900D59CA9 /* ColorAssets.swift */ = {isa = PBXFileReference; lastKnownFileType = sourcecode.swift; path = ColorAssets.swift; sourceTree = "<group>"; };
		ECF1B0FE2A2011A100D59CA9 /* InfoView.swift */ = {isa = PBXFileReference; lastKnownFileType = sourcecode.swift; path = InfoView.swift; sourceTree = "<group>"; };
		ECF1B1002A20131700D59CA9 /* MatiereCell.swift */ = {isa = PBXFileReference; lastKnownFileType = sourcecode.swift; path = MatiereCell.swift; sourceTree = "<group>"; };
/* End PBXFileReference section */

/* Begin PBXFrameworksBuildPhase section */
		ECF1B0BF2A1FA15C00D59CA9 /* Frameworks */ = {
			isa = PBXFrameworksBuildPhase;
			buildActionMask = 2147483647;
			files = (
				ECF1B0F42A1FAA8100D59CA9 /* Modele in Frameworks */,
			);
			runOnlyForDeploymentPostprocessing = 0;
		};
		ECF1B0CF2A1FA15D00D59CA9 /* Frameworks */ = {
			isa = PBXFrameworksBuildPhase;
			buildActionMask = 2147483647;
			files = (
			);
			runOnlyForDeploymentPostprocessing = 0;
		};
		ECF1B0D92A1FA15D00D59CA9 /* Frameworks */ = {
			isa = PBXFrameworksBuildPhase;
			buildActionMask = 2147483647;
			files = (
			);
			runOnlyForDeploymentPostprocessing = 0;
		};
/* End PBXFrameworksBuildPhase section */

/* Begin PBXGroup section */
		ECB6A2E72A222EE5004F777F /* HomeView */ = {
			isa = PBXGroup;
			children = (
				ECB6A2E82A222F11004F777F /* HomeView.swift */,
				ECB6A2EA2A222FE8004F777F /* BlocsView.swift */,
				ECB6A2EC2A2230A3004F777F /* BlocCell.swift */,
				EC5EE9D42A2247300019F07B /* UEsView.swift */,
				EC5EE9D62A2249700019F07B /* UECell.swift */,
			);
			path = HomeView;
			sourceTree = "<group>";
		};
		ECF1B0B92A1FA15C00D59CA9 = {
			isa = PBXGroup;
			children = (
				ECF1B1022A201A6B00D59CA9 /* ViewModel */,
				ECF1B0F82A1FAE9600D59CA9 /* Assets */,
				ECF1B0C42A1FA15C00D59CA9 /* View */,
				ECF1B0D52A1FA15D00D59CA9 /* ViewTests */,
				ECF1B0DF2A1FA15D00D59CA9 /* ViewUITests */,
				ECF1B0C32A1FA15C00D59CA9 /* Products */,
				ECF1B0F22A1FAA8100D59CA9 /* Frameworks */,
			);
			sourceTree = "<group>";
		};
		ECF1B0C32A1FA15C00D59CA9 /* Products */ = {
			isa = PBXGroup;
			children = (
				ECF1B0C22A1FA15C00D59CA9 /* View.app */,
				ECF1B0D22A1FA15D00D59CA9 /* ViewTests.xctest */,
				ECF1B0DC2A1FA15D00D59CA9 /* ViewUITests.xctest */,
			);
			name = Products;
			sourceTree = "<group>";
		};
		ECF1B0C42A1FA15C00D59CA9 /* View */ = {
			isa = PBXGroup;
			children = (
				EC5EE9E22A225A9A0019F07B /* Preview Content */,
				EC5EE9DF2A225A110019F07B /* Assets.xcassets */,
				ECB6A2E72A222EE5004F777F /* HomeView */,
				ECF1B0FD2A200F9100D59CA9 /* UEView */,
				ECF1B0F52A1FAC3900D59CA9 /* CommonViews */,
				ECF1B0C52A1FA15C00D59CA9 /* ViewApp.swift */,
				EC5EE9D82A2258790019F07B /* MainPage.swift */,
			);
			path = View;
			sourceTree = "<group>";
		};
		ECF1B0D52A1FA15D00D59CA9 /* ViewTests */ = {
			isa = PBXGroup;
			children = (
				ECF1B0D62A1FA15D00D59CA9 /* ViewTests.swift */,
			);
			path = ViewTests;
			sourceTree = "<group>";
		};
		ECF1B0DF2A1FA15D00D59CA9 /* ViewUITests */ = {
			isa = PBXGroup;
			children = (
				ECF1B0E02A1FA15D00D59CA9 /* ViewUITests.swift */,
				ECF1B0E22A1FA15D00D59CA9 /* ViewUITestsLaunchTests.swift */,
			);
			path = ViewUITests;
			sourceTree = "<group>";
		};
		ECF1B0F22A1FAA8100D59CA9 /* Frameworks */ = {
			isa = PBXGroup;
			children = (
			);
			name = Frameworks;
			sourceTree = "<group>";
		};
		ECF1B0F52A1FAC3900D59CA9 /* CommonViews */ = {
			isa = PBXGroup;
			children = (
				ECF1B0F62A1FAC7100D59CA9 /* DetailView.swift */,
				ECE031062A23820900EE8B6D /* UEDetailView.swift */,
			);
			path = CommonViews;
			sourceTree = "<group>";
		};
		ECF1B0F82A1FAE9600D59CA9 /* Assets */ = {
			isa = PBXGroup;
			children = (
				ECF1B0F92A1FAEFB00D59CA9 /* ColorAssets.xcassets */,
				ECF1B0FB2A1FB01900D59CA9 /* ColorAssets.swift */,
			);
			path = Assets;
			sourceTree = "<group>";
		};
		ECF1B0FD2A200F9100D59CA9 /* UEView */ = {
			isa = PBXGroup;
			children = (
				ECF1B0C72A1FA15C00D59CA9 /* UEView.swift */,
				ECF1B0FE2A2011A100D59CA9 /* InfoView.swift */,
				ECF1B1002A20131700D59CA9 /* MatiereCell.swift */,
				EC6593C62A20E24700BB905B /* EditingView.swift */,
			);
			path = UEView;
			sourceTree = "<group>";
		};
		ECF1B1022A201A6B00D59CA9 /* ViewModel */ = {
			isa = PBXGroup;
			children = (
				EC6593C22A20D1B700BB905B /* MatiereVM.swift */,
				EC6593C12A20D1B700BB905B /* OdinVM.swift */,
				EC6593C02A20D1B700BB905B /* UEVM.swift */,
				ECB6A2EE2A223259004F777F /* BlocVM.swift */,
			);
			path = ViewModel;
			sourceTree = "<group>";
		};
/* End PBXGroup section */

/* Begin PBXNativeTarget section */
		ECF1B0C12A1FA15C00D59CA9 /* View */ = {
			isa = PBXNativeTarget;
			buildConfigurationList = ECF1B0E62A1FA15D00D59CA9 /* Build configuration list for PBXNativeTarget "View" */;
			buildPhases = (
				ECF1B0BE2A1FA15C00D59CA9 /* Sources */,
				ECF1B0BF2A1FA15C00D59CA9 /* Frameworks */,
				ECF1B0C02A1FA15C00D59CA9 /* Resources */,
			);
			buildRules = (
			);
			dependencies = (
			);
			name = View;
			packageProductDependencies = (
				ECF1B0F32A1FAA8100D59CA9 /* Modele */,
			);
			productName = View;
			productReference = ECF1B0C22A1FA15C00D59CA9 /* View.app */;
			productType = "com.apple.product-type.application";
		};
		ECF1B0D12A1FA15D00D59CA9 /* ViewTests */ = {
			isa = PBXNativeTarget;
			buildConfigurationList = ECF1B0E92A1FA15D00D59CA9 /* Build configuration list for PBXNativeTarget "ViewTests" */;
			buildPhases = (
				ECF1B0CE2A1FA15D00D59CA9 /* Sources */,
				ECF1B0CF2A1FA15D00D59CA9 /* Frameworks */,
				ECF1B0D02A1FA15D00D59CA9 /* Resources */,
			);
			buildRules = (
			);
			dependencies = (
				ECF1B0D42A1FA15D00D59CA9 /* PBXTargetDependency */,
			);
			name = ViewTests;
			productName = ViewTests;
			productReference = ECF1B0D22A1FA15D00D59CA9 /* ViewTests.xctest */;
			productType = "com.apple.product-type.bundle.unit-test";
		};
		ECF1B0DB2A1FA15D00D59CA9 /* ViewUITests */ = {
			isa = PBXNativeTarget;
			buildConfigurationList = ECF1B0EC2A1FA15D00D59CA9 /* Build configuration list for PBXNativeTarget "ViewUITests" */;
			buildPhases = (
				ECF1B0D82A1FA15D00D59CA9 /* Sources */,
				ECF1B0D92A1FA15D00D59CA9 /* Frameworks */,
				ECF1B0DA2A1FA15D00D59CA9 /* Resources */,
			);
			buildRules = (
			);
			dependencies = (
				ECF1B0DE2A1FA15D00D59CA9 /* PBXTargetDependency */,
			);
			name = ViewUITests;
			productName = ViewUITests;
			productReference = ECF1B0DC2A1FA15D00D59CA9 /* ViewUITests.xctest */;
			productType = "com.apple.product-type.bundle.ui-testing";
		};
/* End PBXNativeTarget section */

/* Begin PBXProject section */
		ECF1B0BA2A1FA15C00D59CA9 /* Project object */ = {
			isa = PBXProject;
			attributes = {
				BuildIndependentTargetsInParallel = 1;
				LastSwiftUpdateCheck = 1430;
				LastUpgradeCheck = 1430;
				TargetAttributes = {
					ECF1B0C12A1FA15C00D59CA9 = {
						CreatedOnToolsVersion = 14.3;
					};
					ECF1B0D12A1FA15D00D59CA9 = {
						CreatedOnToolsVersion = 14.3;
						TestTargetID = ECF1B0C12A1FA15C00D59CA9;
					};
					ECF1B0DB2A1FA15D00D59CA9 = {
						CreatedOnToolsVersion = 14.3;
						TestTargetID = ECF1B0C12A1FA15C00D59CA9;
					};
				};
			};
			buildConfigurationList = ECF1B0BD2A1FA15C00D59CA9 /* Build configuration list for PBXProject "View" */;
			compatibilityVersion = "Xcode 14.0";
			developmentRegion = en;
			hasScannedForEncodings = 0;
			knownRegions = (
				en,
				Base,
			);
			mainGroup = ECF1B0B92A1FA15C00D59CA9;
			productRefGroup = ECF1B0C32A1FA15C00D59CA9 /* Products */;
			projectDirPath = "";
			projectRoot = "";
			targets = (
				ECF1B0C12A1FA15C00D59CA9 /* View */,
				ECF1B0D12A1FA15D00D59CA9 /* ViewTests */,
				ECF1B0DB2A1FA15D00D59CA9 /* ViewUITests */,
			);
		};
/* End PBXProject section */

/* Begin PBXResourcesBuildPhase section */
		ECF1B0C02A1FA15C00D59CA9 /* Resources */ = {
			isa = PBXResourcesBuildPhase;
			buildActionMask = 2147483647;
			files = (
				EC5EE9E32A225A9A0019F07B /* Preview Content in Resources */,
				EC5EE9E12A225A110019F07B /* Assets.xcassets in Resources */,
				ECF1B0FA2A1FAEFB00D59CA9 /* ColorAssets.xcassets in Resources */,
			);
			runOnlyForDeploymentPostprocessing = 0;
		};
		ECF1B0D02A1FA15D00D59CA9 /* Resources */ = {
			isa = PBXResourcesBuildPhase;
			buildActionMask = 2147483647;
			files = (
			);
			runOnlyForDeploymentPostprocessing = 0;
		};
		ECF1B0DA2A1FA15D00D59CA9 /* Resources */ = {
			isa = PBXResourcesBuildPhase;
			buildActionMask = 2147483647;
			files = (
			);
			runOnlyForDeploymentPostprocessing = 0;
		};
/* End PBXResourcesBuildPhase section */

/* Begin PBXSourcesBuildPhase section */
		ECF1B0BE2A1FA15C00D59CA9 /* Sources */ = {
			isa = PBXSourcesBuildPhase;
			buildActionMask = 2147483647;
			files = (
				ECB6A2EF2A223259004F777F /* BlocVM.swift in Sources */,
				EC5EE9D72A2249700019F07B /* UECell.swift in Sources */,
				ECF1B0F72A1FAC7100D59CA9 /* DetailView.swift in Sources */,
				EC6593C32A20D1B700BB905B /* UEVM.swift in Sources */,
				ECB6A2ED2A2230A3004F777F /* BlocCell.swift in Sources */,
				ECE031072A23820900EE8B6D /* UEDetailView.swift in Sources */,
				EC5EE9D52A2247300019F07B /* UEsView.swift in Sources */,
				ECF1B1012A20131700D59CA9 /* MatiereCell.swift in Sources */,
				ECF1B0FF2A2011A100D59CA9 /* InfoView.swift in Sources */,
				EC6593C42A20D1B700BB905B /* OdinVM.swift in Sources */,
				EC6593C72A20E24700BB905B /* EditingView.swift in Sources */,
				EC5EE9D92A2258790019F07B /* MainPage.swift in Sources */,
				ECF1B0C82A1FA15C00D59CA9 /* UEView.swift in Sources */,
				ECB6A2E92A222F11004F777F /* HomeView.swift in Sources */,
				ECB6A2EB2A222FE8004F777F /* BlocsView.swift in Sources */,
				EC6593C52A20D1B700BB905B /* MatiereVM.swift in Sources */,
				ECF1B0FC2A1FB01900D59CA9 /* ColorAssets.swift in Sources */,
				ECF1B0C62A1FA15C00D59CA9 /* ViewApp.swift in Sources */,
			);
			runOnlyForDeploymentPostprocessing = 0;
		};
		ECF1B0CE2A1FA15D00D59CA9 /* Sources */ = {
			isa = PBXSourcesBuildPhase;
			buildActionMask = 2147483647;
			files = (
				ECF1B0D72A1FA15D00D59CA9 /* ViewTests.swift in Sources */,
			);
			runOnlyForDeploymentPostprocessing = 0;
		};
		ECF1B0D82A1FA15D00D59CA9 /* Sources */ = {
			isa = PBXSourcesBuildPhase;
			buildActionMask = 2147483647;
			files = (
				ECF1B0E12A1FA15D00D59CA9 /* ViewUITests.swift in Sources */,
				ECF1B0E32A1FA15D00D59CA9 /* ViewUITestsLaunchTests.swift in Sources */,
			);
			runOnlyForDeploymentPostprocessing = 0;
		};
/* End PBXSourcesBuildPhase section */

/* Begin PBXTargetDependency section */
		ECF1B0D42A1FA15D00D59CA9 /* PBXTargetDependency */ = {
			isa = PBXTargetDependency;
			target = ECF1B0C12A1FA15C00D59CA9 /* View */;
			targetProxy = ECF1B0D32A1FA15D00D59CA9 /* PBXContainerItemProxy */;
		};
		ECF1B0DE2A1FA15D00D59CA9 /* PBXTargetDependency */ = {
			isa = PBXTargetDependency;
			target = ECF1B0C12A1FA15C00D59CA9 /* View */;
			targetProxy = ECF1B0DD2A1FA15D00D59CA9 /* PBXContainerItemProxy */;
		};
/* End PBXTargetDependency section */

/* Begin XCBuildConfiguration section */
		ECF1B0E42A1FA15D00D59CA9 /* Debug */ = {
			isa = XCBuildConfiguration;
			buildSettings = {
				ALWAYS_SEARCH_USER_PATHS = NO;
				CLANG_ANALYZER_NONNULL = YES;
				CLANG_ANALYZER_NUMBER_OBJECT_CONVERSION = YES_AGGRESSIVE;
				CLANG_CXX_LANGUAGE_STANDARD = "gnu++20";
				CLANG_ENABLE_MODULES = YES;
				CLANG_ENABLE_OBJC_ARC = YES;
				CLANG_ENABLE_OBJC_WEAK = YES;
				CLANG_WARN_BLOCK_CAPTURE_AUTORELEASING = YES;
				CLANG_WARN_BOOL_CONVERSION = YES;
				CLANG_WARN_COMMA = YES;
				CLANG_WARN_CONSTANT_CONVERSION = YES;
				CLANG_WARN_DEPRECATED_OBJC_IMPLEMENTATIONS = YES;
				CLANG_WARN_DIRECT_OBJC_ISA_USAGE = YES_ERROR;
				CLANG_WARN_DOCUMENTATION_COMMENTS = YES;
				CLANG_WARN_EMPTY_BODY = YES;
				CLANG_WARN_ENUM_CONVERSION = YES;
				CLANG_WARN_INFINITE_RECURSION = YES;
				CLANG_WARN_INT_CONVERSION = YES;
				CLANG_WARN_NON_LITERAL_NULL_CONVERSION = YES;
				CLANG_WARN_OBJC_IMPLICIT_RETAIN_SELF = YES;
				CLANG_WARN_OBJC_LITERAL_CONVERSION = YES;
				CLANG_WARN_OBJC_ROOT_CLASS = YES_ERROR;
				CLANG_WARN_QUOTED_INCLUDE_IN_FRAMEWORK_HEADER = YES;
				CLANG_WARN_RANGE_LOOP_ANALYSIS = YES;
				CLANG_WARN_STRICT_PROTOTYPES = YES;
				CLANG_WARN_SUSPICIOUS_MOVE = YES;
				CLANG_WARN_UNGUARDED_AVAILABILITY = YES_AGGRESSIVE;
				CLANG_WARN_UNREACHABLE_CODE = YES;
				CLANG_WARN__DUPLICATE_METHOD_MATCH = YES;
				COPY_PHASE_STRIP = NO;
				DEBUG_INFORMATION_FORMAT = dwarf;
				ENABLE_STRICT_OBJC_MSGSEND = YES;
				ENABLE_TESTABILITY = YES;
				GCC_C_LANGUAGE_STANDARD = gnu11;
				GCC_DYNAMIC_NO_PIC = NO;
				GCC_NO_COMMON_BLOCKS = YES;
				GCC_OPTIMIZATION_LEVEL = 0;
				GCC_PREPROCESSOR_DEFINITIONS = (
					"DEBUG=1",
					"$(inherited)",
				);
				GCC_WARN_64_TO_32_BIT_CONVERSION = YES;
				GCC_WARN_ABOUT_RETURN_TYPE = YES_ERROR;
				GCC_WARN_UNDECLARED_SELECTOR = YES;
				GCC_WARN_UNINITIALIZED_AUTOS = YES_AGGRESSIVE;
				GCC_WARN_UNUSED_FUNCTION = YES;
				GCC_WARN_UNUSED_VARIABLE = YES;
				IPHONEOS_DEPLOYMENT_TARGET = 16.4;
				MTL_ENABLE_DEBUG_INFO = INCLUDE_SOURCE;
				MTL_FAST_MATH = YES;
				ONLY_ACTIVE_ARCH = YES;
				SDKROOT = iphoneos;
				SWIFT_ACTIVE_COMPILATION_CONDITIONS = DEBUG;
				SWIFT_OPTIMIZATION_LEVEL = "-Onone";
			};
			name = Debug;
		};
		ECF1B0E52A1FA15D00D59CA9 /* Release */ = {
			isa = XCBuildConfiguration;
			buildSettings = {
				ALWAYS_SEARCH_USER_PATHS = NO;
				CLANG_ANALYZER_NONNULL = YES;
				CLANG_ANALYZER_NUMBER_OBJECT_CONVERSION = YES_AGGRESSIVE;
				CLANG_CXX_LANGUAGE_STANDARD = "gnu++20";
				CLANG_ENABLE_MODULES = YES;
				CLANG_ENABLE_OBJC_ARC = YES;
				CLANG_ENABLE_OBJC_WEAK = YES;
				CLANG_WARN_BLOCK_CAPTURE_AUTORELEASING = YES;
				CLANG_WARN_BOOL_CONVERSION = YES;
				CLANG_WARN_COMMA = YES;
				CLANG_WARN_CONSTANT_CONVERSION = YES;
				CLANG_WARN_DEPRECATED_OBJC_IMPLEMENTATIONS = YES;
				CLANG_WARN_DIRECT_OBJC_ISA_USAGE = YES_ERROR;
				CLANG_WARN_DOCUMENTATION_COMMENTS = YES;
				CLANG_WARN_EMPTY_BODY = YES;
				CLANG_WARN_ENUM_CONVERSION = YES;
				CLANG_WARN_INFINITE_RECURSION = YES;
				CLANG_WARN_INT_CONVERSION = YES;
				CLANG_WARN_NON_LITERAL_NULL_CONVERSION = YES;
				CLANG_WARN_OBJC_IMPLICIT_RETAIN_SELF = YES;
				CLANG_WARN_OBJC_LITERAL_CONVERSION = YES;
				CLANG_WARN_OBJC_ROOT_CLASS = YES_ERROR;
				CLANG_WARN_QUOTED_INCLUDE_IN_FRAMEWORK_HEADER = YES;
				CLANG_WARN_RANGE_LOOP_ANALYSIS = YES;
				CLANG_WARN_STRICT_PROTOTYPES = YES;
				CLANG_WARN_SUSPICIOUS_MOVE = YES;
				CLANG_WARN_UNGUARDED_AVAILABILITY = YES_AGGRESSIVE;
				CLANG_WARN_UNREACHABLE_CODE = YES;
				CLANG_WARN__DUPLICATE_METHOD_MATCH = YES;
				COPY_PHASE_STRIP = NO;
				DEBUG_INFORMATION_FORMAT = "dwarf-with-dsym";
				ENABLE_NS_ASSERTIONS = NO;
				ENABLE_STRICT_OBJC_MSGSEND = YES;
				GCC_C_LANGUAGE_STANDARD = gnu11;
				GCC_NO_COMMON_BLOCKS = YES;
				GCC_WARN_64_TO_32_BIT_CONVERSION = YES;
				GCC_WARN_ABOUT_RETURN_TYPE = YES_ERROR;
				GCC_WARN_UNDECLARED_SELECTOR = YES;
				GCC_WARN_UNINITIALIZED_AUTOS = YES_AGGRESSIVE;
				GCC_WARN_UNUSED_FUNCTION = YES;
				GCC_WARN_UNUSED_VARIABLE = YES;
				IPHONEOS_DEPLOYMENT_TARGET = 16.4;
				MTL_ENABLE_DEBUG_INFO = NO;
				MTL_FAST_MATH = YES;
				SDKROOT = iphoneos;
				SWIFT_COMPILATION_MODE = wholemodule;
				SWIFT_OPTIMIZATION_LEVEL = "-O";
				VALIDATE_PRODUCT = YES;
			};
			name = Release;
		};
		ECF1B0E72A1FA15D00D59CA9 /* Debug */ = {
			isa = XCBuildConfiguration;
			buildSettings = {
				ASSETCATALOG_COMPILER_APPICON_NAME = AppIcon;
				ASSETCATALOG_COMPILER_GLOBAL_ACCENT_COLOR_NAME = AccentColor;
				CODE_SIGN_STYLE = Automatic;
				CURRENT_PROJECT_VERSION = 1;
				DEVELOPMENT_ASSET_PATHS = "\"View/Preview Content\"";
				ENABLE_PREVIEWS = YES;
				GENERATE_INFOPLIST_FILE = YES;
				INFOPLIST_KEY_UIApplicationSceneManifest_Generation = YES;
				INFOPLIST_KEY_UIApplicationSupportsIndirectInputEvents = YES;
				INFOPLIST_KEY_UILaunchScreen_Generation = YES;
				INFOPLIST_KEY_UISupportedInterfaceOrientations_iPad = "UIInterfaceOrientationPortrait UIInterfaceOrientationPortraitUpsideDown UIInterfaceOrientationLandscapeLeft UIInterfaceOrientationLandscapeRight";
				INFOPLIST_KEY_UISupportedInterfaceOrientations_iPhone = "UIInterfaceOrientationPortrait UIInterfaceOrientationLandscapeLeft UIInterfaceOrientationLandscapeRight";
				LD_RUNPATH_SEARCH_PATHS = (
					"$(inherited)",
					"@executable_path/Frameworks",
				);
				MARKETING_VERSION = 1.0;
				PRODUCT_BUNDLE_IDENTIFIER = fr.uca.iut.View;
				PRODUCT_NAME = "$(TARGET_NAME)";
				SWIFT_EMIT_LOC_STRINGS = YES;
				SWIFT_VERSION = 5.0;
				TARGETED_DEVICE_FAMILY = "1,2";
			};
			name = Debug;
		};
		ECF1B0E82A1FA15D00D59CA9 /* Release */ = {
			isa = XCBuildConfiguration;
			buildSettings = {
				ASSETCATALOG_COMPILER_APPICON_NAME = AppIcon;
				ASSETCATALOG_COMPILER_GLOBAL_ACCENT_COLOR_NAME = AccentColor;
				CODE_SIGN_STYLE = Automatic;
				CURRENT_PROJECT_VERSION = 1;
				DEVELOPMENT_ASSET_PATHS = "\"View/Preview Content\"";
				ENABLE_PREVIEWS = YES;
				GENERATE_INFOPLIST_FILE = YES;
				INFOPLIST_KEY_UIApplicationSceneManifest_Generation = YES;
				INFOPLIST_KEY_UIApplicationSupportsIndirectInputEvents = YES;
				INFOPLIST_KEY_UILaunchScreen_Generation = YES;
				INFOPLIST_KEY_UISupportedInterfaceOrientations_iPad = "UIInterfaceOrientationPortrait UIInterfaceOrientationPortraitUpsideDown UIInterfaceOrientationLandscapeLeft UIInterfaceOrientationLandscapeRight";
				INFOPLIST_KEY_UISupportedInterfaceOrientations_iPhone = "UIInterfaceOrientationPortrait UIInterfaceOrientationLandscapeLeft UIInterfaceOrientationLandscapeRight";
				LD_RUNPATH_SEARCH_PATHS = (
					"$(inherited)",
					"@executable_path/Frameworks",
				);
				MARKETING_VERSION = 1.0;
				PRODUCT_BUNDLE_IDENTIFIER = fr.uca.iut.View;
				PRODUCT_NAME = "$(TARGET_NAME)";
				SWIFT_EMIT_LOC_STRINGS = YES;
				SWIFT_VERSION = 5.0;
				TARGETED_DEVICE_FAMILY = "1,2";
			};
			name = Release;
		};
		ECF1B0EA2A1FA15D00D59CA9 /* Debug */ = {
			isa = XCBuildConfiguration;
			buildSettings = {
				ALWAYS_EMBED_SWIFT_STANDARD_LIBRARIES = YES;
				BUNDLE_LOADER = "$(TEST_HOST)";
				CODE_SIGN_STYLE = Automatic;
				CURRENT_PROJECT_VERSION = 1;
				GENERATE_INFOPLIST_FILE = YES;
				IPHONEOS_DEPLOYMENT_TARGET = 16.4;
				MARKETING_VERSION = 1.0;
				PRODUCT_BUNDLE_IDENTIFIER = fr.uca.iut.ViewTests;
				PRODUCT_NAME = "$(TARGET_NAME)";
				SWIFT_EMIT_LOC_STRINGS = NO;
				SWIFT_VERSION = 5.0;
				TARGETED_DEVICE_FAMILY = "1,2";
				TEST_HOST = "$(BUILT_PRODUCTS_DIR)/View.app/$(BUNDLE_EXECUTABLE_FOLDER_PATH)/View";
			};
			name = Debug;
		};
		ECF1B0EB2A1FA15D00D59CA9 /* Release */ = {
			isa = XCBuildConfiguration;
			buildSettings = {
				ALWAYS_EMBED_SWIFT_STANDARD_LIBRARIES = YES;
				BUNDLE_LOADER = "$(TEST_HOST)";
				CODE_SIGN_STYLE = Automatic;
				CURRENT_PROJECT_VERSION = 1;
				GENERATE_INFOPLIST_FILE = YES;
				IPHONEOS_DEPLOYMENT_TARGET = 16.4;
				MARKETING_VERSION = 1.0;
				PRODUCT_BUNDLE_IDENTIFIER = fr.uca.iut.ViewTests;
				PRODUCT_NAME = "$(TARGET_NAME)";
				SWIFT_EMIT_LOC_STRINGS = NO;
				SWIFT_VERSION = 5.0;
				TARGETED_DEVICE_FAMILY = "1,2";
				TEST_HOST = "$(BUILT_PRODUCTS_DIR)/View.app/$(BUNDLE_EXECUTABLE_FOLDER_PATH)/View";
			};
			name = Release;
		};
		ECF1B0ED2A1FA15D00D59CA9 /* Debug */ = {
			isa = XCBuildConfiguration;
			buildSettings = {
				ALWAYS_EMBED_SWIFT_STANDARD_LIBRARIES = YES;
				CODE_SIGN_STYLE = Automatic;
				CURRENT_PROJECT_VERSION = 1;
				GENERATE_INFOPLIST_FILE = YES;
				MARKETING_VERSION = 1.0;
				PRODUCT_BUNDLE_IDENTIFIER = fr.uca.iut.ViewUITests;
				PRODUCT_NAME = "$(TARGET_NAME)";
				SWIFT_EMIT_LOC_STRINGS = NO;
				SWIFT_VERSION = 5.0;
				TARGETED_DEVICE_FAMILY = "1,2";
				TEST_TARGET_NAME = View;
			};
			name = Debug;
		};
		ECF1B0EE2A1FA15D00D59CA9 /* Release */ = {
			isa = XCBuildConfiguration;
			buildSettings = {
				ALWAYS_EMBED_SWIFT_STANDARD_LIBRARIES = YES;
				CODE_SIGN_STYLE = Automatic;
				CURRENT_PROJECT_VERSION = 1;
				GENERATE_INFOPLIST_FILE = YES;
				MARKETING_VERSION = 1.0;
				PRODUCT_BUNDLE_IDENTIFIER = fr.uca.iut.ViewUITests;
				PRODUCT_NAME = "$(TARGET_NAME)";
				SWIFT_EMIT_LOC_STRINGS = NO;
				SWIFT_VERSION = 5.0;
				TARGETED_DEVICE_FAMILY = "1,2";
				TEST_TARGET_NAME = View;
			};
			name = Release;
		};
/* End XCBuildConfiguration section */

/* Begin XCConfigurationList section */
		ECF1B0BD2A1FA15C00D59CA9 /* Build configuration list for PBXProject "View" */ = {
			isa = XCConfigurationList;
			buildConfigurations = (
				ECF1B0E42A1FA15D00D59CA9 /* Debug */,
				ECF1B0E52A1FA15D00D59CA9 /* Release */,
			);
			defaultConfigurationIsVisible = 0;
			defaultConfigurationName = Release;
		};
		ECF1B0E62A1FA15D00D59CA9 /* Build configuration list for PBXNativeTarget "View" */ = {
			isa = XCConfigurationList;
			buildConfigurations = (
				ECF1B0E72A1FA15D00D59CA9 /* Debug */,
				ECF1B0E82A1FA15D00D59CA9 /* Release */,
			);
			defaultConfigurationIsVisible = 0;
			defaultConfigurationName = Release;
		};
		ECF1B0E92A1FA15D00D59CA9 /* Build configuration list for PBXNativeTarget "ViewTests" */ = {
			isa = XCConfigurationList;
			buildConfigurations = (
				ECF1B0EA2A1FA15D00D59CA9 /* Debug */,
				ECF1B0EB2A1FA15D00D59CA9 /* Release */,
			);
			defaultConfigurationIsVisible = 0;
			defaultConfigurationName = Release;
		};
		ECF1B0EC2A1FA15D00D59CA9 /* Build configuration list for PBXNativeTarget "ViewUITests" */ = {
			isa = XCConfigurationList;
			buildConfigurations = (
				ECF1B0ED2A1FA15D00D59CA9 /* Debug */,
				ECF1B0EE2A1FA15D00D59CA9 /* Release */,
			);
			defaultConfigurationIsVisible = 0;
			defaultConfigurationName = Release;
		};
/* End XCConfigurationList section */

/* Begin XCSwiftPackageProductDependency section */
		ECF1B0F32A1FAA8100D59CA9 /* Modele */ = {
			isa = XCSwiftPackageProductDependency;
			productName = Modele;
		};
/* End XCSwiftPackageProductDependency section */
	};
	rootObject = ECF1B0BA2A1FA15C00D59CA9 /* Project object */;
}
